
Microsoft Visual Studio Solution File, Format Version 12.00
# Visual Studio Version 16
VisualStudioVersion = 16.0.29503.13
MinimumVisualStudioVersion = 10.0.40219.1
Project("{9A19103F-16F7-4668-BE54-9A1E7A4F7556}") = "Domain.Entities", "Domain.Entities\Domain.Entities.csproj", "{B2BEA62B-DB67-4921-B348-3B79C0905E0D}"
EndProject
Project("{9A19103F-16F7-4668-BE54-9A1E7A4F7556}") = "Services.Interfaces", "Services.Interfaces\Services.Interfaces.csproj", "{B470131C-E4E5-48C5-9043-DDD10E060D96}"
EndProject
Project("{2150E333-8FDC-42A3-9474-1A3956D46DE8}") = "Domain", "Domain", "{6E78C51B-8004-4807-90A3-052FD352D565}"
EndProject
Project("{2150E333-8FDC-42A3-9474-1A3956D46DE8}") = "Services", "Services", "{6F191D5E-2DBF-41E4-AFDF-076FF09B09C6}"
EndProject
Project("{2150E333-8FDC-42A3-9474-1A3956D46DE8}") = "Infrastructure", "Infrastructure", "{9867D2A3-03D0-4D4C-B3D8-CA60B55C0DA0}"
EndProject
Project("{9A19103F-16F7-4668-BE54-9A1E7A4F7556}") = "Infrastructure.DataMapping", "Infrastructure.DataMapping\Infrastructure.DataMapping.csproj", "{ED680D47-41CD-4B7D-883C-E8B3761330A2}"
EndProject
Project("{9A19103F-16F7-4668-BE54-9A1E7A4F7556}") = "Infrastructure.SQLERepository", "Infrastructure.SQLERepository\Infrastructure.SQLERepository.csproj", "{8139477E-FC37-4CF3-9D94-6C91D07A6E9D}"
EndProject
Project("{9A19103F-16F7-4668-BE54-9A1E7A4F7556}") = "Services.Implementation.SQL", "Services.Implementation.SQL\Services.Implementation.SQL.csproj", "{5304415F-73A0-4D1E-BC18-AAA814C62313}"
EndProject
Project("{2150E333-8FDC-42A3-9474-1A3956D46DE8}") = "Presentation", "Presentation", "{64ADA839-18FF-4041-917E-526863AEE331}"
EndProject
Project("{9A19103F-16F7-4668-BE54-9A1E7A4F7556}") = "APIHelpDesk", "APIHelpDesk\APIHelpDesk.csproj", "{64118715-CB76-419D-A70B-A8E582C8534F}"
EndProject
Project("{FAE04EC0-301F-11D3-BF4B-00C04F79EFBC}") = "WebHelpDesk", "WebHelpDesk\WebHelpDesk.csproj", "{5B454115-E971-4157-AB9C-091CF0C4F31F}"
EndProject
Global
	GlobalSection(SolutionConfigurationPlatforms) = preSolution
		Debug|Any CPU = Debug|Any CPU
		Release|Any CPU = Release|Any CPU
	EndGlobalSection
	GlobalSection(ProjectConfigurationPlatforms) = postSolution
		{B2BEA62B-DB67-4921-B348-3B79C0905E0D}.Debug|Any CPU.ActiveCfg = Debug|Any CPU
		{B2BEA62B-DB67-4921-B348-3B79C0905E0D}.Debug|Any CPU.Build.0 = Debug|Any CPU
		{B2BEA62B-DB67-4921-B348-3B79C0905E0D}.Release|Any CPU.ActiveCfg = Release|Any CPU
		{B2BEA62B-DB67-4921-B348-3B79C0905E0D}.Release|Any CPU.Build.0 = Release|Any CPU
		{B470131C-E4E5-48C5-9043-DDD10E060D96}.Debug|Any CPU.ActiveCfg = Debug|Any CPU
		{B470131C-E4E5-48C5-9043-DDD10E060D96}.Debug|Any CPU.Build.0 = Debug|Any CPU
		{B470131C-E4E5-48C5-9043-DDD10E060D96}.Release|Any CPU.ActiveCfg = Release|Any CPU
		{B470131C-E4E5-48C5-9043-DDD10E060D96}.Release|Any CPU.Build.0 = Release|Any CPU
		{ED680D47-41CD-4B7D-883C-E8B3761330A2}.Debug|Any CPU.ActiveCfg = Debug|Any CPU
		{ED680D47-41CD-4B7D-883C-E8B3761330A2}.Debug|Any CPU.Build.0 = Debug|Any CPU
		{ED680D47-41CD-4B7D-883C-E8B3761330A2}.Release|Any CPU.ActiveCfg = Release|Any CPU
		{ED680D47-41CD-4B7D-883C-E8B3761330A2}.Release|Any CPU.Build.0 = Release|Any CPU
		{8139477E-FC37-4CF3-9D94-6C91D07A6E9D}.Debug|Any CPU.ActiveCfg = Debug|Any CPU
		{8139477E-FC37-4CF3-9D94-6C91D07A6E9D}.Debug|Any CPU.Build.0 = Debug|Any CPU
		{8139477E-FC37-4CF3-9D94-6C91D07A6E9D}.Release|Any CPU.ActiveCfg = Release|Any CPU
		{8139477E-FC37-4CF3-9D94-6C91D07A6E9D}.Release|Any CPU.Build.0 = Release|Any CPU
		{5304415F-73A0-4D1E-BC18-AAA814C62313}.Debug|Any CPU.ActiveCfg = Debug|Any CPU
		{5304415F-73A0-4D1E-BC18-AAA814C62313}.Debug|Any CPU.Build.0 = Debug|Any CPU
		{5304415F-73A0-4D1E-BC18-AAA814C62313}.Release|Any CPU.ActiveCfg = Release|Any CPU
		{5304415F-73A0-4D1E-BC18-AAA814C62313}.Release|Any CPU.Build.0 = Release|Any CPU
		{64118715-CB76-419D-A70B-A8E582C8534F}.Debug|Any CPU.ActiveCfg = Debug|Any CPU
		{64118715-CB76-419D-A70B-A8E582C8534F}.Debug|Any CPU.Build.0 = Debug|Any CPU
		{64118715-CB76-419D-A70B-A8E582C8534F}.Release|Any CPU.ActiveCfg = Release|Any CPU
		{64118715-CB76-419D-A70B-A8E582C8534F}.Release|Any CPU.Build.0 = Release|Any CPU
		{5B454115-E971-4157-AB9C-091CF0C4F31F}.Debug|Any CPU.ActiveCfg = Debug|Any CPU
		{5B454115-E971-4157-AB9C-091CF0C4F31F}.Debug|Any CPU.Build.0 = Debug|Any CPU
		{5B454115-E971-4157-AB9C-091CF0C4F31F}.Release|Any CPU.ActiveCfg = Release|Any CPU
		{5B454115-E971-4157-AB9C-091CF0C4F31F}.Release|Any CPU.Build.0 = Release|Any CPU
	EndGlobalSection
	GlobalSection(SolutionProperties) = preSolution
		HideSolutionNode = FALSE
	EndGlobalSection
	GlobalSection(NestedProjects) = preSolution
		{B2BEA62B-DB67-4921-B348-3B79C0905E0D} = {6E78C51B-8004-4807-90A3-052FD352D565}
		{B470131C-E4E5-48C5-9043-DDD10E060D96} = {6F191D5E-2DBF-41E4-AFDF-076FF09B09C6}
		{ED680D47-41CD-4B7D-883C-E8B3761330A2} = {9867D2A3-03D0-4D4C-B3D8-CA60B55C0DA0}
		{8139477E-FC37-4CF3-9D94-6C91D07A6E9D} = {9867D2A3-03D0-4D4C-B3D8-CA60B55C0DA0}
		{5304415F-73A0-4D1E-BC18-AAA814C62313} = {6F191D5E-2DBF-41E4-AFDF-076FF09B09C6}
		{64118715-CB76-419D-A70B-A8E582C8534F} = {64ADA839-18FF-4041-917E-526863AEE331}
		{5B454115-E971-4157-AB9C-091CF0C4F31F} = {64ADA839-18FF-4041-917E-526863AEE331}
	EndGlobalSection
	GlobalSection(ExtensibilityGlobals) = postSolution
		SolutionGuid = {24D1CC63-4BF5-4DD9-BF5B-150B027DCF10}
	EndGlobalSection
EndGlobal
